// !$*UTF8*$!
{
	archiveVersion = 1;
	classes = {
	};
	objectVersion = 48;
	objects = {

/* Begin PBXBuildFile section */
		4C97677652B24F944C9A1913 /* Pods_Helloquent.framework in Frameworks */ = {isa = PBXBuildFile; fileRef = 45133CF7D71936EB63E66199 /* Pods_Helloquent.framework */; };
		8664EF09AA2959AEAD427E67 /* Pods_HelloquentTests.framework in Frameworks */ = {isa = PBXBuildFile; fileRef = C9903F0212B6980D79CB696E /* Pods_HelloquentTests.framework */; };
		DF6EE0A8076409BDBC12C4DD /* Pods_HelloquentUITests.framework in Frameworks */ = {isa = PBXBuildFile; fileRef = 0B01B6A9C2126C136662B5F3 /* Pods_HelloquentUITests.framework */; };
		F90D10291FECDFB90012283B /* AppDelegate.swift in Sources */ = {isa = PBXBuildFile; fileRef = F90D10281FECDFB90012283B /* AppDelegate.swift */; };
		F90D102E1FECDFB90012283B /* Main.storyboard in Resources */ = {isa = PBXBuildFile; fileRef = F90D102C1FECDFB90012283B /* Main.storyboard */; };
		F90D10331FECDFB90012283B /* LaunchScreen.storyboard in Resources */ = {isa = PBXBuildFile; fileRef = F90D10311FECDFB90012283B /* LaunchScreen.storyboard */; };
		F90D103E1FECDFB90012283B /* HelloquentTests.swift in Sources */ = {isa = PBXBuildFile; fileRef = F90D103D1FECDFB90012283B /* HelloquentTests.swift */; };
		F90D10491FECDFB90012283B /* HelloquentUITests.swift in Sources */ = {isa = PBXBuildFile; fileRef = F90D10481FECDFB90012283B /* HelloquentUITests.swift */; };
		F90D105B1FECE33B0012283B /* SigninVC.swift in Sources */ = {isa = PBXBuildFile; fileRef = F90D105A1FECE33B0012283B /* SigninVC.swift */; };
		F90D105D1FECEA7D0012283B /* ContactsVC.swift in Sources */ = {isa = PBXBuildFile; fileRef = F90D105C1FECEA7D0012283B /* ContactsVC.swift */; };
		F90D105F1FECFAFD0012283B /* GoogleService-Info.plist in Resources */ = {isa = PBXBuildFile; fileRef = F90D105E1FECFAFD0012283B /* GoogleService-Info.plist */; };
		F9179B77200EBDFC0057AAEF /* TabBarVC.swift in Sources */ = {isa = PBXBuildFile; fileRef = F9179B76200EBDFC0057AAEF /* TabBarVC.swift */; };
		F9179B79200FD9060057AAEF /* RoomsVC.swift in Sources */ = {isa = PBXBuildFile; fileRef = F9179B78200FD9060057AAEF /* RoomsVC.swift */; };
		F93364D81FEDE89D002A3718 /* Assets.xcassets in Resources */ = {isa = PBXBuildFile; fileRef = F93364D71FEDE89D002A3718 /* Assets.xcassets */; };
		F93364DA1FEDE8BF002A3718 /* avatar.gif in Resources */ = {isa = PBXBuildFile; fileRef = F93364D91FEDE8BF002A3718 /* avatar.gif */; };
		F966C9D62005300000E92A39 /* LocationRoomsVC.swift in Sources */ = {isa = PBXBuildFile; fileRef = F966C9D52005300000E92A39 /* LocationRoomsVC.swift */; };
		F973BC391FED050700CC3C58 /* AuthProvider.swift in Sources */ = {isa = PBXBuildFile; fileRef = F973BC381FED050700CC3C58 /* AuthProvider.swift */; };
		F973BC3B1FEDA66800CC3C58 /* DBProvider.swift in Sources */ = {isa = PBXBuildFile; fileRef = F973BC3A1FEDA66800CC3C58 /* DBProvider.swift */; };
		F973BC3D1FEDA7B000CC3C58 /* Constants.swift in Sources */ = {isa = PBXBuildFile; fileRef = F973BC3C1FEDA7B000CC3C58 /* Constants.swift */; };
		F973BC3F1FEDB47E00CC3C58 /* Contact.swift in Sources */ = {isa = PBXBuildFile; fileRef = F973BC3E1FEDB47E00CC3C58 /* Contact.swift */; };
		F973BC411FEDDA8700CC3C58 /* ChatVC.swift in Sources */ = {isa = PBXBuildFile; fileRef = F973BC401FEDDA8700CC3C58 /* ChatVC.swift */; };
		F985FD4D200C294A00F1934B /* JSQMessage.swift in Sources */ = {isa = PBXBuildFile; fileRef = F985FD4C200C294A00F1934B /* JSQMessage.swift */; };
		F9C747D220107F4E00F311D8 /* NMAKit.framework in Frameworks */ = {isa = PBXBuildFile; fileRef = F9C747D120107F4E00F311D8 /* NMAKit.framework */; };
		F9C747D320107F4E00F311D8 /* NMAKit.framework in Embed Frameworks */ = {isa = PBXBuildFile; fileRef = F9C747D120107F4E00F311D8 /* NMAKit.framework */; settings = {ATTRIBUTES = (CodeSignOnCopy, RemoveHeadersOnCopy, ); }; };
		F9C747D720108FBA00F311D8 /* SavedRooms.xcdatamodeld in Sources */ = {isa = PBXBuildFile; fileRef = F9C747D520108FBA00F311D8 /* SavedRooms.xcdatamodeld */; };
		F9C747D92010914C00F311D8 /* CoreDataHandler.swift in Sources */ = {isa = PBXBuildFile; fileRef = F9C747D82010914C00F311D8 /* CoreDataHandler.swift */; };
		F9E264CF1FF708FD00605CA7 /* MessagesHandler.swift in Sources */ = {isa = PBXBuildFile; fileRef = F9E264CE1FF708FD00605CA7 /* MessagesHandler.swift */; };
		F9E264D41FFD4EED00605CA7 /* SavedRoomsVC.swift in Sources */ = {isa = PBXBuildFile; fileRef = F9E264D31FFD4EED00605CA7 /* SavedRoomsVC.swift */; };
		F9E264DA1FFDA35C00605CA7 /* ChatRoom.swift in Sources */ = {isa = PBXBuildFile; fileRef = F9E264D91FFDA35C00605CA7 /* ChatRoom.swift */; };
		F9E264DE1FFEDE5C00605CA7 /* PersonalChatVC.swift in Sources */ = {isa = PBXBuildFile; fileRef = F9E264DD1FFEDE5C00605CA7 /* PersonalChatVC.swift */; };
		F9EA8BED20008A6400A98421 /* ColorHandler.swift in Sources */ = {isa = PBXBuildFile; fileRef = F9EA8BEC20008A6400A98421 /* ColorHandler.swift */; };
/* End PBXBuildFile section */

/* Begin PBXContainerItemProxy section */
		F90D103A1FECDFB90012283B /* PBXContainerItemProxy */ = {
			isa = PBXContainerItemProxy;
			containerPortal = F90D101D1FECDFB90012283B /* Project object */;
			proxyType = 1;
			remoteGlobalIDString = F90D10241FECDFB90012283B;
			remoteInfo = Helloquent;
		};
		F90D10451FECDFB90012283B /* PBXContainerItemProxy */ = {
			isa = PBXContainerItemProxy;
			containerPortal = F90D101D1FECDFB90012283B /* Project object */;
			proxyType = 1;
			remoteGlobalIDString = F90D10241FECDFB90012283B;
			remoteInfo = Helloquent;
		};
/* End PBXContainerItemProxy section */

/* Begin PBXCopyFilesBuildPhase section */
		F9C747D420107F4E00F311D8 /* Embed Frameworks */ = {
			isa = PBXCopyFilesBuildPhase;
			buildActionMask = 2147483647;
			dstPath = "";
			dstSubfolderSpec = 10;
			files = (
				F9C747D320107F4E00F311D8 /* NMAKit.framework in Embed Frameworks */,
			);
			name = "Embed Frameworks";
			runOnlyForDeploymentPostprocessing = 0;
		};
/* End PBXCopyFilesBuildPhase section */

/* Begin PBXFileReference section */
		0B01B6A9C2126C136662B5F3 /* Pods_HelloquentUITests.framework */ = {isa = PBXFileReference; explicitFileType = wrapper.framework; includeInIndex = 0; path = Pods_HelloquentUITests.framework; sourceTree = BUILT_PRODUCTS_DIR; };
		376C428D7919B795340245AF /* Pods-Helloquent.debug.xcconfig */ = {isa = PBXFileReference; includeInIndex = 1; lastKnownFileType = text.xcconfig; name = "Pods-Helloquent.debug.xcconfig"; path = "Pods/Target Support Files/Pods-Helloquent/Pods-Helloquent.debug.xcconfig"; sourceTree = "<group>"; };
		45133CF7D71936EB63E66199 /* Pods_Helloquent.framework */ = {isa = PBXFileReference; explicitFileType = wrapper.framework; includeInIndex = 0; path = Pods_Helloquent.framework; sourceTree = BUILT_PRODUCTS_DIR; };
		46D7036EECB8E487EA1CDEC8 /* Pods-Helloquent.release.xcconfig */ = {isa = PBXFileReference; includeInIndex = 1; lastKnownFileType = text.xcconfig; name = "Pods-Helloquent.release.xcconfig"; path = "Pods/Target Support Files/Pods-Helloquent/Pods-Helloquent.release.xcconfig"; sourceTree = "<group>"; };
		7B0D3E3FCF152FF03386900A /* Pods-HelloquentTests.debug.xcconfig */ = {isa = PBXFileReference; includeInIndex = 1; lastKnownFileType = text.xcconfig; name = "Pods-HelloquentTests.debug.xcconfig"; path = "Pods/Target Support Files/Pods-HelloquentTests/Pods-HelloquentTests.debug.xcconfig"; sourceTree = "<group>"; };
		A785CB56C738B406C7409C1C /* Pods-HelloquentTests.release.xcconfig */ = {isa = PBXFileReference; includeInIndex = 1; lastKnownFileType = text.xcconfig; name = "Pods-HelloquentTests.release.xcconfig"; path = "Pods/Target Support Files/Pods-HelloquentTests/Pods-HelloquentTests.release.xcconfig"; sourceTree = "<group>"; };
		B61C84F6EE2F8B946612DE92 /* Pods-HelloquentUITests.debug.xcconfig */ = {isa = PBXFileReference; includeInIndex = 1; lastKnownFileType = text.xcconfig; name = "Pods-HelloquentUITests.debug.xcconfig"; path = "Pods/Target Support Files/Pods-HelloquentUITests/Pods-HelloquentUITests.debug.xcconfig"; sourceTree = "<group>"; };
		C447E1574BB164EAE91B1231 /* Pods-HelloquentUITests.release.xcconfig */ = {isa = PBXFileReference; includeInIndex = 1; lastKnownFileType = text.xcconfig; name = "Pods-HelloquentUITests.release.xcconfig"; path = "Pods/Target Support Files/Pods-HelloquentUITests/Pods-HelloquentUITests.release.xcconfig"; sourceTree = "<group>"; };
		C9903F0212B6980D79CB696E /* Pods_HelloquentTests.framework */ = {isa = PBXFileReference; explicitFileType = wrapper.framework; includeInIndex = 0; path = Pods_HelloquentTests.framework; sourceTree = BUILT_PRODUCTS_DIR; };
		F90D10251FECDFB90012283B /* Helloquent.app */ = {isa = PBXFileReference; explicitFileType = wrapper.application; includeInIndex = 0; path = Helloquent.app; sourceTree = BUILT_PRODUCTS_DIR; };
		F90D10281FECDFB90012283B /* AppDelegate.swift */ = {isa = PBXFileReference; lastKnownFileType = sourcecode.swift; path = AppDelegate.swift; sourceTree = "<group>"; };
		F90D102D1FECDFB90012283B /* Base */ = {isa = PBXFileReference; lastKnownFileType = file.storyboard; name = Base; path = Base.lproj/Main.storyboard; sourceTree = "<group>"; };
		F90D10321FECDFB90012283B /* Base */ = {isa = PBXFileReference; lastKnownFileType = file.storyboard; name = Base; path = Base.lproj/LaunchScreen.storyboard; sourceTree = "<group>"; };
		F90D10341FECDFB90012283B /* Info.plist */ = {isa = PBXFileReference; lastKnownFileType = text.plist.xml; path = Info.plist; sourceTree = "<group>"; };
		F90D10391FECDFB90012283B /* HelloquentTests.xctest */ = {isa = PBXFileReference; explicitFileType = wrapper.cfbundle; includeInIndex = 0; path = HelloquentTests.xctest; sourceTree = BUILT_PRODUCTS_DIR; };
		F90D103D1FECDFB90012283B /* HelloquentTests.swift */ = {isa = PBXFileReference; lastKnownFileType = sourcecode.swift; path = HelloquentTests.swift; sourceTree = "<group>"; };
		F90D103F1FECDFB90012283B /* Info.plist */ = {isa = PBXFileReference; lastKnownFileType = text.plist.xml; path = Info.plist; sourceTree = "<group>"; };
		F90D10441FECDFB90012283B /* HelloquentUITests.xctest */ = {isa = PBXFileReference; explicitFileType = wrapper.cfbundle; includeInIndex = 0; path = HelloquentUITests.xctest; sourceTree = BUILT_PRODUCTS_DIR; };
		F90D10481FECDFB90012283B /* HelloquentUITests.swift */ = {isa = PBXFileReference; lastKnownFileType = sourcecode.swift; path = HelloquentUITests.swift; sourceTree = "<group>"; };
		F90D104A1FECDFB90012283B /* Info.plist */ = {isa = PBXFileReference; lastKnownFileType = text.plist.xml; path = Info.plist; sourceTree = "<group>"; };
		F90D105A1FECE33B0012283B /* SigninVC.swift */ = {isa = PBXFileReference; lastKnownFileType = sourcecode.swift; path = SigninVC.swift; sourceTree = "<group>"; };
		F90D105C1FECEA7D0012283B /* ContactsVC.swift */ = {isa = PBXFileReference; lastKnownFileType = sourcecode.swift; path = ContactsVC.swift; sourceTree = "<group>"; };
		F90D105E1FECFAFD0012283B /* GoogleService-Info.plist */ = {isa = PBXFileReference; fileEncoding = 4; lastKnownFileType = text.plist.xml; path = "GoogleService-Info.plist"; sourceTree = "<group>"; };
		F9179B76200EBDFC0057AAEF /* TabBarVC.swift */ = {isa = PBXFileReference; lastKnownFileType = sourcecode.swift; path = TabBarVC.swift; sourceTree = "<group>"; };
		F9179B78200FD9060057AAEF /* RoomsVC.swift */ = {isa = PBXFileReference; lastKnownFileType = sourcecode.swift; path = RoomsVC.swift; sourceTree = "<group>"; };
		F93364D71FEDE89D002A3718 /* Assets.xcassets */ = {isa = PBXFileReference; lastKnownFileType = folder.assetcatalog; path = Assets.xcassets; sourceTree = "<group>"; };
		F93364D91FEDE8BF002A3718 /* avatar.gif */ = {isa = PBXFileReference; lastKnownFileType = image.gif; name = avatar.gif; path = Assets.xcassets/avatar.gif; sourceTree = "<group>"; };
		F93CA2A6200D38C200D9132C /* NMAKit.framework */ = {isa = PBXFileReference; lastKnownFileType = wrapper.framework; name = NMAKit.framework; path = "../../../Downloads/HERESDK-Premium 4/framework/NMAKit.framework"; sourceTree = "<group>"; };
		F93CA2A9200D38C500D9132C /* NMAKit.framework */ = {isa = PBXFileReference; lastKnownFileType = wrapper.framework; name = NMAKit.framework; path = "../../../Downloads/HERESDK-Premium 4/framework/NMAKit.framework"; sourceTree = "<group>"; };
		F966C9D52005300000E92A39 /* LocationRoomsVC.swift */ = {isa = PBXFileReference; lastKnownFileType = sourcecode.swift; path = LocationRoomsVC.swift; sourceTree = "<group>"; };
		F973BC381FED050700CC3C58 /* AuthProvider.swift */ = {isa = PBXFileReference; lastKnownFileType = sourcecode.swift; path = AuthProvider.swift; sourceTree = "<group>"; };
		F973BC3A1FEDA66800CC3C58 /* DBProvider.swift */ = {isa = PBXFileReference; lastKnownFileType = sourcecode.swift; path = DBProvider.swift; sourceTree = "<group>"; };
		F973BC3C1FEDA7B000CC3C58 /* Constants.swift */ = {isa = PBXFileReference; lastKnownFileType = sourcecode.swift; path = Constants.swift; sourceTree = "<group>"; };
		F973BC3E1FEDB47E00CC3C58 /* Contact.swift */ = {isa = PBXFileReference; lastKnownFileType = sourcecode.swift; path = Contact.swift; sourceTree = "<group>"; };
		F973BC401FEDDA8700CC3C58 /* ChatVC.swift */ = {isa = PBXFileReference; lastKnownFileType = sourcecode.swift; path = ChatVC.swift; sourceTree = "<group>"; };
		F985FD4C200C294A00F1934B /* JSQMessage.swift */ = {isa = PBXFileReference; lastKnownFileType = sourcecode.swift; path = JSQMessage.swift; sourceTree = "<group>"; };
		F9C747D120107F4E00F311D8 /* NMAKit.framework */ = {isa = PBXFileReference; lastKnownFileType = wrapper.framework; path = NMAKit.framework; sourceTree = "<group>"; };
		F9C747D620108FBA00F311D8 /* SavedRooms.xcdatamodel */ = {isa = PBXFileReference; lastKnownFileType = wrapper.xcdatamodel; path = SavedRooms.xcdatamodel; sourceTree = "<group>"; };
		F9C747D82010914C00F311D8 /* CoreDataHandler.swift */ = {isa = PBXFileReference; lastKnownFileType = sourcecode.swift; path = CoreDataHandler.swift; sourceTree = "<group>"; };
		F9E264CE1FF708FD00605CA7 /* MessagesHandler.swift */ = {isa = PBXFileReference; lastKnownFileType = sourcecode.swift; path = MessagesHandler.swift; sourceTree = "<group>"; };
		F9E264D31FFD4EED00605CA7 /* SavedRoomsVC.swift */ = {isa = PBXFileReference; lastKnownFileType = sourcecode.swift; path = SavedRoomsVC.swift; sourceTree = "<group>"; };
		F9E264D91FFDA35C00605CA7 /* ChatRoom.swift */ = {isa = PBXFileReference; lastKnownFileType = sourcecode.swift; path = ChatRoom.swift; sourceTree = "<group>"; };
		F9E264DD1FFEDE5C00605CA7 /* PersonalChatVC.swift */ = {isa = PBXFileReference; lastKnownFileType = sourcecode.swift; path = PersonalChatVC.swift; sourceTree = "<group>"; };
		F9EA8BEC20008A6400A98421 /* ColorHandler.swift */ = {isa = PBXFileReference; lastKnownFileType = sourcecode.swift; path = ColorHandler.swift; sourceTree = "<group>"; };
/* End PBXFileReference section */

/* Begin PBXFrameworksBuildPhase section */
		F90D10221FECDFB90012283B /* Frameworks */ = {
			isa = PBXFrameworksBuildPhase;
			buildActionMask = 2147483647;
			files = (
				F9C747D220107F4E00F311D8 /* NMAKit.framework in Frameworks */,
				4C97677652B24F944C9A1913 /* Pods_Helloquent.framework in Frameworks */,
			);
			runOnlyForDeploymentPostprocessing = 0;
		};
		F90D10361FECDFB90012283B /* Frameworks */ = {
			isa = PBXFrameworksBuildPhase;
			buildActionMask = 2147483647;
			files = (
				8664EF09AA2959AEAD427E67 /* Pods_HelloquentTests.framework in Frameworks */,
			);
			runOnlyForDeploymentPostprocessing = 0;
		};
		F90D10411FECDFB90012283B /* Frameworks */ = {
			isa = PBXFrameworksBuildPhase;
			buildActionMask = 2147483647;
			files = (
				DF6EE0A8076409BDBC12C4DD /* Pods_HelloquentUITests.framework in Frameworks */,
			);
			runOnlyForDeploymentPostprocessing = 0;
		};
/* End PBXFrameworksBuildPhase section */

/* Begin PBXGroup section */
		A8B0199393EE55B88763BD63 /* Pods */ = {
			isa = PBXGroup;
			children = (
				376C428D7919B795340245AF /* Pods-Helloquent.debug.xcconfig */,
				46D7036EECB8E487EA1CDEC8 /* Pods-Helloquent.release.xcconfig */,
				7B0D3E3FCF152FF03386900A /* Pods-HelloquentTests.debug.xcconfig */,
				A785CB56C738B406C7409C1C /* Pods-HelloquentTests.release.xcconfig */,
				B61C84F6EE2F8B946612DE92 /* Pods-HelloquentUITests.debug.xcconfig */,
				C447E1574BB164EAE91B1231 /* Pods-HelloquentUITests.release.xcconfig */,
			);
			name = Pods;
			sourceTree = "<group>";
		};
		F299D65C296DA368F66065C4 /* Frameworks */ = {
			isa = PBXGroup;
			children = (
				F93CA2A9200D38C500D9132C /* NMAKit.framework */,
				45133CF7D71936EB63E66199 /* Pods_Helloquent.framework */,
				C9903F0212B6980D79CB696E /* Pods_HelloquentTests.framework */,
				0B01B6A9C2126C136662B5F3 /* Pods_HelloquentUITests.framework */,
			);
			name = Frameworks;
			sourceTree = "<group>";
		};
		F90D101C1FECDFB90012283B = {
			isa = PBXGroup;
			children = (
				F93CA2A6200D38C200D9132C /* NMAKit.framework */,
				F9C747D120107F4E00F311D8 /* NMAKit.framework */,
				F90D10271FECDFB90012283B /* Helloquent */,
				F90D103C1FECDFB90012283B /* HelloquentTests */,
				F90D10471FECDFB90012283B /* HelloquentUITests */,
				F90D10261FECDFB90012283B /* Products */,
				A8B0199393EE55B88763BD63 /* Pods */,
				F299D65C296DA368F66065C4 /* Frameworks */,
			);
			sourceTree = "<group>";
		};
		F90D10261FECDFB90012283B /* Products */ = {
			isa = PBXGroup;
			children = (
				F90D10251FECDFB90012283B /* Helloquent.app */,
				F90D10391FECDFB90012283B /* HelloquentTests.xctest */,
				F90D10441FECDFB90012283B /* HelloquentUITests.xctest */,
			);
			name = Products;
			sourceTree = "<group>";
		};
		F90D10271FECDFB90012283B /* Helloquent */ = {
			isa = PBXGroup;
			children = (
				F93364D71FEDE89D002A3718 /* Assets.xcassets */,
				F93364D91FEDE8BF002A3718 /* avatar.gif */,
				F90D10591FECE2DF0012283B /* Plugins */,
				F90D10581FECE2D40012283B /* Controller */,
				F90D10561FECE2C90012283B /* Model */,
				F90D10281FECDFB90012283B /* AppDelegate.swift */,
				F90D102C1FECDFB90012283B /* Main.storyboard */,
				F90D10311FECDFB90012283B /* LaunchScreen.storyboard */,
				F90D10341FECDFB90012283B /* Info.plist */,
				F90D105E1FECFAFD0012283B /* GoogleService-Info.plist */,
				F9C747D520108FBA00F311D8 /* SavedRooms.xcdatamodeld */,
			);
			path = Helloquent;
			sourceTree = "<group>";
		};
		F90D103C1FECDFB90012283B /* HelloquentTests */ = {
			isa = PBXGroup;
			children = (
				F90D103D1FECDFB90012283B /* HelloquentTests.swift */,
				F90D103F1FECDFB90012283B /* Info.plist */,
			);
			path = HelloquentTests;
			sourceTree = "<group>";
		};
		F90D10471FECDFB90012283B /* HelloquentUITests */ = {
			isa = PBXGroup;
			children = (
				F90D10481FECDFB90012283B /* HelloquentUITests.swift */,
				F90D104A1FECDFB90012283B /* Info.plist */,
			);
			path = HelloquentUITests;
			sourceTree = "<group>";
		};
		F90D10561FECE2C90012283B /* Model */ = {
			isa = PBXGroup;
			children = (
				F973BC3C1FEDA7B000CC3C58 /* Constants.swift */,
				F973BC3E1FEDB47E00CC3C58 /* Contact.swift */,
				F9E264D91FFDA35C00605CA7 /* ChatRoom.swift */,
				F985FD4C200C294A00F1934B /* JSQMessage.swift */,
			);
			path = Model;
			sourceTree = "<group>";
		};
		F90D10581FECE2D40012283B /* Controller */ = {
			isa = PBXGroup;
			children = (
				F90D105A1FECE33B0012283B /* SigninVC.swift */,
				F9179B78200FD9060057AAEF /* RoomsVC.swift */,
				F9E264D31FFD4EED00605CA7 /* SavedRoomsVC.swift */,
				F966C9D52005300000E92A39 /* LocationRoomsVC.swift */,
				F973BC401FEDDA8700CC3C58 /* ChatVC.swift */,
				F90D105C1FECEA7D0012283B /* ContactsVC.swift */,
				F9E264DD1FFEDE5C00605CA7 /* PersonalChatVC.swift */,
				F9179B76200EBDFC0057AAEF /* TabBarVC.swift */,
			);
			path = Controller;
			sourceTree = "<group>";
		};
		F90D10591FECE2DF0012283B /* Plugins */ = {
			isa = PBXGroup;
			children = (
				F973BC381FED050700CC3C58 /* AuthProvider.swift */,
				F973BC3A1FEDA66800CC3C58 /* DBProvider.swift */,
				F9E264CE1FF708FD00605CA7 /* MessagesHandler.swift */,
				F9EA8BEC20008A6400A98421 /* ColorHandler.swift */,
				F9C747D82010914C00F311D8 /* CoreDataHandler.swift */,
			);
			path = Plugins;
			sourceTree = "<group>";
		};
/* End PBXGroup section */

/* Begin PBXNativeTarget section */
		F90D10241FECDFB90012283B /* Helloquent */ = {
			isa = PBXNativeTarget;
			buildConfigurationList = F90D104D1FECDFB90012283B /* Build configuration list for PBXNativeTarget "Helloquent" */;
			buildPhases = (
				A17B7FF3EECEB04776EE6C2C /* [CP] Check Pods Manifest.lock */,
				F90D10211FECDFB90012283B /* Sources */,
				F90D10221FECDFB90012283B /* Frameworks */,
				F90D10231FECDFB90012283B /* Resources */,
				305C6280B34B32D4666D380F /* [CP] Embed Pods Frameworks */,
				B7DAFF3DF0D00F6FA42464A8 /* [CP] Copy Pods Resources */,
				F9C747D420107F4E00F311D8 /* Embed Frameworks */,
			);
			buildRules = (
			);
			dependencies = (
			);
			name = Helloquent;
			productName = Helloquent;
			productReference = F90D10251FECDFB90012283B /* Helloquent.app */;
			productType = "com.apple.product-type.application";
		};
		F90D10381FECDFB90012283B /* HelloquentTests */ = {
			isa = PBXNativeTarget;
			buildConfigurationList = F90D10501FECDFB90012283B /* Build configuration list for PBXNativeTarget "HelloquentTests" */;
			buildPhases = (
				F900906B9EA8916195C0AEFD /* [CP] Check Pods Manifest.lock */,
				F90D10351FECDFB90012283B /* Sources */,
				F90D10361FECDFB90012283B /* Frameworks */,
				F90D10371FECDFB90012283B /* Resources */,
				6D1A8BD6DA192871C2FE590A /* [CP] Embed Pods Frameworks */,
				97ABA8CD083997378262F150 /* [CP] Copy Pods Resources */,
			);
			buildRules = (
			);
			dependencies = (
				F90D103B1FECDFB90012283B /* PBXTargetDependency */,
			);
			name = HelloquentTests;
			productName = HelloquentTests;
			productReference = F90D10391FECDFB90012283B /* HelloquentTests.xctest */;
			productType = "com.apple.product-type.bundle.unit-test";
		};
		F90D10431FECDFB90012283B /* HelloquentUITests */ = {
			isa = PBXNativeTarget;
			buildConfigurationList = F90D10531FECDFB90012283B /* Build configuration list for PBXNativeTarget "HelloquentUITests" */;
			buildPhases = (
				5BE5666861A1BF0CB38E3FFB /* [CP] Check Pods Manifest.lock */,
				F90D10401FECDFB90012283B /* Sources */,
				F90D10411FECDFB90012283B /* Frameworks */,
				F90D10421FECDFB90012283B /* Resources */,
				F8B22B4EA3FDEE46F9E97BBA /* [CP] Embed Pods Frameworks */,
				BB4624C90AF1DB574DD81859 /* [CP] Copy Pods Resources */,
			);
			buildRules = (
			);
			dependencies = (
				F90D10461FECDFB90012283B /* PBXTargetDependency */,
			);
			name = HelloquentUITests;
			productName = HelloquentUITests;
			productReference = F90D10441FECDFB90012283B /* HelloquentUITests.xctest */;
			productType = "com.apple.product-type.bundle.ui-testing";
		};
/* End PBXNativeTarget section */

/* Begin PBXProject section */
		F90D101D1FECDFB90012283B /* Project object */ = {
			isa = PBXProject;
			attributes = {
				LastSwiftUpdateCheck = 0920;
				LastUpgradeCheck = 0920;
				ORGANIZATIONNAME = "Morgan Trudeau";
				TargetAttributes = {
					F90D10241FECDFB90012283B = {
						CreatedOnToolsVersion = 9.2;
						LastSwiftMigration = 0920;
						ProvisioningStyle = Automatic;
					};
					F90D10381FECDFB90012283B = {
						CreatedOnToolsVersion = 9.2;
						ProvisioningStyle = Automatic;
						TestTargetID = F90D10241FECDFB90012283B;
					};
					F90D10431FECDFB90012283B = {
						CreatedOnToolsVersion = 9.2;
						ProvisioningStyle = Automatic;
						TestTargetID = F90D10241FECDFB90012283B;
					};
				};
			};
			buildConfigurationList = F90D10201FECDFB90012283B /* Build configuration list for PBXProject "Helloquent" */;
			compatibilityVersion = "Xcode 8.0";
			developmentRegion = en;
			hasScannedForEncodings = 0;
			knownRegions = (
				en,
				Base,
			);
			mainGroup = F90D101C1FECDFB90012283B;
			productRefGroup = F90D10261FECDFB90012283B /* Products */;
			projectDirPath = "";
			projectRoot = "";
			targets = (
				F90D10241FECDFB90012283B /* Helloquent */,
				F90D10381FECDFB90012283B /* HelloquentTests */,
				F90D10431FECDFB90012283B /* HelloquentUITests */,
			);
		};
/* End PBXProject section */

/* Begin PBXResourcesBuildPhase section */
		F90D10231FECDFB90012283B /* Resources */ = {
			isa = PBXResourcesBuildPhase;
			buildActionMask = 2147483647;
			files = (
				F90D10331FECDFB90012283B /* LaunchScreen.storyboard in Resources */,
				F93364DA1FEDE8BF002A3718 /* avatar.gif in Resources */,
				F90D105F1FECFAFD0012283B /* GoogleService-Info.plist in Resources */,
				F93364D81FEDE89D002A3718 /* Assets.xcassets in Resources */,
				F90D102E1FECDFB90012283B /* Main.storyboard in Resources */,
			);
			runOnlyForDeploymentPostprocessing = 0;
		};
		F90D10371FECDFB90012283B /* Resources */ = {
			isa = PBXResourcesBuildPhase;
			buildActionMask = 2147483647;
			files = (
			);
			runOnlyForDeploymentPostprocessing = 0;
		};
		F90D10421FECDFB90012283B /* Resources */ = {
			isa = PBXResourcesBuildPhase;
			buildActionMask = 2147483647;
			files = (
			);
			runOnlyForDeploymentPostprocessing = 0;
		};
/* End PBXResourcesBuildPhase section */

/* Begin PBXShellScriptBuildPhase section */
		305C6280B34B32D4666D380F /* [CP] Embed Pods Frameworks */ = {
			isa = PBXShellScriptBuildPhase;
			buildActionMask = 2147483647;
			files = (
			);
			inputPaths = (
				"${SRCROOT}/Pods/Target Support Files/Pods-Helloquent/Pods-Helloquent-frameworks.sh",
				"${BUILT_PRODUCTS_DIR}/Bolts/Bolts.framework",
				"${BUILT_PRODUCTS_DIR}/FBSDKCoreKit/FBSDKCoreKit.framework",
				"${BUILT_PRODUCTS_DIR}/FBSDKLoginKit/FBSDKLoginKit.framework",
				"${BUILT_PRODUCTS_DIR}/FBSDKShareKit/FBSDKShareKit.framework",
				"${BUILT_PRODUCTS_DIR}/FacebookCore/FacebookCore.framework",
				"${BUILT_PRODUCTS_DIR}/FacebookLogin/FacebookLogin.framework",
				"${BUILT_PRODUCTS_DIR}/FacebookShare/FacebookShare.framework",
				"${BUILT_PRODUCTS_DIR}/GTMSessionFetcher/GTMSessionFetcher.framework",
				"${BUILT_PRODUCTS_DIR}/GoogleToolboxForMac/GoogleToolboxForMac.framework",
				"${BUILT_PRODUCTS_DIR}/JSQMessagesViewController/JSQMessagesViewController.framework",
				"${BUILT_PRODUCTS_DIR}/JSQSystemSoundPlayer/JSQSystemSoundPlayer.framework",
				"${BUILT_PRODUCTS_DIR}/leveldb-library/leveldb.framework",
				"${BUILT_PRODUCTS_DIR}/nanopb/nanopb.framework",
			);
			name = "[CP] Embed Pods Frameworks";
			outputPaths = (
				"${TARGET_BUILD_DIR}/${FRAMEWORKS_FOLDER_PATH}/Bolts.framework",
				"${TARGET_BUILD_DIR}/${FRAMEWORKS_FOLDER_PATH}/FBSDKCoreKit.framework",
				"${TARGET_BUILD_DIR}/${FRAMEWORKS_FOLDER_PATH}/FBSDKLoginKit.framework",
				"${TARGET_BUILD_DIR}/${FRAMEWORKS_FOLDER_PATH}/FBSDKShareKit.framework",
				"${TARGET_BUILD_DIR}/${FRAMEWORKS_FOLDER_PATH}/FacebookCore.framework",
				"${TARGET_BUILD_DIR}/${FRAMEWORKS_FOLDER_PATH}/FacebookLogin.framework",
				"${TARGET_BUILD_DIR}/${FRAMEWORKS_FOLDER_PATH}/FacebookShare.framework",
				"${TARGET_BUILD_DIR}/${FRAMEWORKS_FOLDER_PATH}/GTMSessionFetcher.framework",
				"${TARGET_BUILD_DIR}/${FRAMEWORKS_FOLDER_PATH}/GoogleToolboxForMac.framework",
				"${TARGET_BUILD_DIR}/${FRAMEWORKS_FOLDER_PATH}/JSQMessagesViewController.framework",
				"${TARGET_BUILD_DIR}/${FRAMEWORKS_FOLDER_PATH}/JSQSystemSoundPlayer.framework",
				"${TARGET_BUILD_DIR}/${FRAMEWORKS_FOLDER_PATH}/leveldb.framework",
				"${TARGET_BUILD_DIR}/${FRAMEWORKS_FOLDER_PATH}/nanopb.framework",
			);
			runOnlyForDeploymentPostprocessing = 0;
			shellPath = /bin/sh;
			shellScript = "\"${SRCROOT}/Pods/Target Support Files/Pods-Helloquent/Pods-Helloquent-frameworks.sh\"\n";
			showEnvVarsInLog = 0;
		};
		5BE5666861A1BF0CB38E3FFB /* [CP] Check Pods Manifest.lock */ = {
			isa = PBXShellScriptBuildPhase;
			buildActionMask = 2147483647;
			files = (
			);
			inputPaths = (
				"${PODS_PODFILE_DIR_PATH}/Podfile.lock",
				"${PODS_ROOT}/Manifest.lock",
			);
			name = "[CP] Check Pods Manifest.lock";
			outputPaths = (
				"$(DERIVED_FILE_DIR)/Pods-HelloquentUITests-checkManifestLockResult.txt",
			);
			runOnlyForDeploymentPostprocessing = 0;
			shellPath = /bin/sh;
			shellScript = "diff \"${PODS_PODFILE_DIR_PATH}/Podfile.lock\" \"${PODS_ROOT}/Manifest.lock\" > /dev/null\nif [ $? != 0 ] ; then\n    # print error to STDERR\n    echo \"error: The sandbox is not in sync with the Podfile.lock. Run 'pod install' or update your CocoaPods installation.\" >&2\n    exit 1\nfi\n# This output is used by Xcode 'outputs' to avoid re-running this script phase.\necho \"SUCCESS\" > \"${SCRIPT_OUTPUT_FILE_0}\"\n";
			showEnvVarsInLog = 0;
		};
		6D1A8BD6DA192871C2FE590A /* [CP] Embed Pods Frameworks */ = {
			isa = PBXShellScriptBuildPhase;
			buildActionMask = 2147483647;
			files = (
			);
			inputPaths = (
			);
			name = "[CP] Embed Pods Frameworks";
			outputPaths = (
			);
			runOnlyForDeploymentPostprocessing = 0;
			shellPath = /bin/sh;
			shellScript = "\"${SRCROOT}/Pods/Target Support Files/Pods-HelloquentTests/Pods-HelloquentTests-frameworks.sh\"\n";
			showEnvVarsInLog = 0;
		};
		97ABA8CD083997378262F150 /* [CP] Copy Pods Resources */ = {
			isa = PBXShellScriptBuildPhase;
			buildActionMask = 2147483647;
			files = (
			);
			inputPaths = (
			);
			name = "[CP] Copy Pods Resources";
			outputPaths = (
			);
			runOnlyForDeploymentPostprocessing = 0;
			shellPath = /bin/sh;
			shellScript = "\"${SRCROOT}/Pods/Target Support Files/Pods-HelloquentTests/Pods-HelloquentTests-resources.sh\"\n";
			showEnvVarsInLog = 0;
		};
		A17B7FF3EECEB04776EE6C2C /* [CP] Check Pods Manifest.lock */ = {
			isa = PBXShellScriptBuildPhase;
			buildActionMask = 2147483647;
			files = (
			);
			inputPaths = (
				"${PODS_PODFILE_DIR_PATH}/Podfile.lock",
				"${PODS_ROOT}/Manifest.lock",
			);
			name = "[CP] Check Pods Manifest.lock";
			outputPaths = (
				"$(DERIVED_FILE_DIR)/Pods-Helloquent-checkManifestLockResult.txt",
			);
			runOnlyForDeploymentPostprocessing = 0;
			shellPath = /bin/sh;
			shellScript = "diff \"${PODS_PODFILE_DIR_PATH}/Podfile.lock\" \"${PODS_ROOT}/Manifest.lock\" > /dev/null\nif [ $? != 0 ] ; then\n    # print error to STDERR\n    echo \"error: The sandbox is not in sync with the Podfile.lock. Run 'pod install' or update your CocoaPods installation.\" >&2\n    exit 1\nfi\n# This output is used by Xcode 'outputs' to avoid re-running this script phase.\necho \"SUCCESS\" > \"${SCRIPT_OUTPUT_FILE_0}\"\n";
			showEnvVarsInLog = 0;
		};
		B7DAFF3DF0D00F6FA42464A8 /* [CP] Copy Pods Resources */ = {
			isa = PBXShellScriptBuildPhase;
			buildActionMask = 2147483647;
			files = (
			);
			inputPaths = (
			);
			name = "[CP] Copy Pods Resources";
			outputPaths = (
			);
			runOnlyForDeploymentPostprocessing = 0;
			shellPath = /bin/sh;
			shellScript = "\"${SRCROOT}/Pods/Target Support Files/Pods-Helloquent/Pods-Helloquent-resources.sh\"\n";
			showEnvVarsInLog = 0;
		};
		BB4624C90AF1DB574DD81859 /* [CP] Copy Pods Resources */ = {
			isa = PBXShellScriptBuildPhase;
			buildActionMask = 2147483647;
			files = (
			);
			inputPaths = (
			);
			name = "[CP] Copy Pods Resources";
			outputPaths = (
			);
			runOnlyForDeploymentPostprocessing = 0;
			shellPath = /bin/sh;
			shellScript = "\"${SRCROOT}/Pods/Target Support Files/Pods-HelloquentUITests/Pods-HelloquentUITests-resources.sh\"\n";
			showEnvVarsInLog = 0;
		};
		F8B22B4EA3FDEE46F9E97BBA /* [CP] Embed Pods Frameworks */ = {
			isa = PBXShellScriptBuildPhase;
			buildActionMask = 2147483647;
			files = (
			);
			inputPaths = (
			);
			name = "[CP] Embed Pods Frameworks";
			outputPaths = (
			);
			runOnlyForDeploymentPostprocessing = 0;
			shellPath = /bin/sh;
			shellScript = "\"${SRCROOT}/Pods/Target Support Files/Pods-HelloquentUITests/Pods-HelloquentUITests-frameworks.sh\"\n";
			showEnvVarsInLog = 0;
		};
		F900906B9EA8916195C0AEFD /* [CP] Check Pods Manifest.lock */ = {
			isa = PBXShellScriptBuildPhase;
			buildActionMask = 2147483647;
			files = (
			);
			inputPaths = (
				"${PODS_PODFILE_DIR_PATH}/Podfile.lock",
				"${PODS_ROOT}/Manifest.lock",
			);
			name = "[CP] Check Pods Manifest.lock";
			outputPaths = (
				"$(DERIVED_FILE_DIR)/Pods-HelloquentTests-checkManifestLockResult.txt",
			);
			runOnlyForDeploymentPostprocessing = 0;
			shellPath = /bin/sh;
			shellScript = "diff \"${PODS_PODFILE_DIR_PATH}/Podfile.lock\" \"${PODS_ROOT}/Manifest.lock\" > /dev/null\nif [ $? != 0 ] ; then\n    # print error to STDERR\n    echo \"error: The sandbox is not in sync with the Podfile.lock. Run 'pod install' or update your CocoaPods installation.\" >&2\n    exit 1\nfi\n# This output is used by Xcode 'outputs' to avoid re-running this script phase.\necho \"SUCCESS\" > \"${SCRIPT_OUTPUT_FILE_0}\"\n";
			showEnvVarsInLog = 0;
		};
/* End PBXShellScriptBuildPhase section */

/* Begin PBXSourcesBuildPhase section */
		F90D10211FECDFB90012283B /* Sources */ = {
			isa = PBXSourcesBuildPhase;
			buildActionMask = 2147483647;
			files = (
				F9E264DE1FFEDE5C00605CA7 /* PersonalChatVC.swift in Sources */,
				F9C747D92010914C00F311D8 /* CoreDataHandler.swift in Sources */,
				F9C747D720108FBA00F311D8 /* SavedRooms.xcdatamodeld in Sources */,
				F9EA8BED20008A6400A98421 /* ColorHandler.swift in Sources */,
				F9E264CF1FF708FD00605CA7 /* MessagesHandler.swift in Sources */,
				F9E264D41FFD4EED00605CA7 /* SavedRoomsVC.swift in Sources */,
				F973BC411FEDDA8700CC3C58 /* ChatVC.swift in Sources */,
				F90D105B1FECE33B0012283B /* SigninVC.swift in Sources */,
				F90D10291FECDFB90012283B /* AppDelegate.swift in Sources */,
				F9E264DA1FFDA35C00605CA7 /* ChatRoom.swift in Sources */,
				F966C9D62005300000E92A39 /* LocationRoomsVC.swift in Sources */,
				F973BC3B1FEDA66800CC3C58 /* DBProvider.swift in Sources */,
				F973BC391FED050700CC3C58 /* AuthProvider.swift in Sources */,
				F90D105D1FECEA7D0012283B /* ContactsVC.swift in Sources */,
				F9179B79200FD9060057AAEF /* RoomsVC.swift in Sources */,
				F973BC3D1FEDA7B000CC3C58 /* Constants.swift in Sources */,
				F9179B77200EBDFC0057AAEF /* TabBarVC.swift in Sources */,
				F985FD4D200C294A00F1934B /* JSQMessage.swift in Sources */,
				F973BC3F1FEDB47E00CC3C58 /* Contact.swift in Sources */,
			);
			runOnlyForDeploymentPostprocessing = 0;
		};
		F90D10351FECDFB90012283B /* Sources */ = {
			isa = PBXSourcesBuildPhase;
			buildActionMask = 2147483647;
			files = (
				F90D103E1FECDFB90012283B /* HelloquentTests.swift in Sources */,
			);
			runOnlyForDeploymentPostprocessing = 0;
		};
		F90D10401FECDFB90012283B /* Sources */ = {
			isa = PBXSourcesBuildPhase;
			buildActionMask = 2147483647;
			files = (
				F90D10491FECDFB90012283B /* HelloquentUITests.swift in Sources */,
			);
			runOnlyForDeploymentPostprocessing = 0;
		};
/* End PBXSourcesBuildPhase section */

/* Begin PBXTargetDependency section */
		F90D103B1FECDFB90012283B /* PBXTargetDependency */ = {
			isa = PBXTargetDependency;
			target = F90D10241FECDFB90012283B /* Helloquent */;
			targetProxy = F90D103A1FECDFB90012283B /* PBXContainerItemProxy */;
		};
		F90D10461FECDFB90012283B /* PBXTargetDependency */ = {
			isa = PBXTargetDependency;
			target = F90D10241FECDFB90012283B /* Helloquent */;
			targetProxy = F90D10451FECDFB90012283B /* PBXContainerItemProxy */;
		};
/* End PBXTargetDependency section */

/* Begin PBXVariantGroup section */
		F90D102C1FECDFB90012283B /* Main.storyboard */ = {
			isa = PBXVariantGroup;
			children = (
				F90D102D1FECDFB90012283B /* Base */,
			);
			name = Main.storyboard;
			sourceTree = "<group>";
		};
		F90D10311FECDFB90012283B /* LaunchScreen.storyboard */ = {
			isa = PBXVariantGroup;
			children = (
				F90D10321FECDFB90012283B /* Base */,
			);
			name = LaunchScreen.storyboard;
			sourceTree = "<group>";
		};
/* End PBXVariantGroup section */

/* Begin XCBuildConfiguration section */
		F90D104B1FECDFB90012283B /* Debug */ = {
			isa = XCBuildConfiguration;
			buildSettings = {
				ALWAYS_SEARCH_USER_PATHS = NO;
				CLANG_ANALYZER_NONNULL = YES;
				CLANG_ANALYZER_NUMBER_OBJECT_CONVERSION = YES_AGGRESSIVE;
				CLANG_CXX_LANGUAGE_STANDARD = "gnu++14";
				CLANG_CXX_LIBRARY = "libc++";
				CLANG_ENABLE_MODULES = YES;
				CLANG_ENABLE_OBJC_ARC = YES;
				CLANG_WARN_BLOCK_CAPTURE_AUTORELEASING = YES;
				CLANG_WARN_BOOL_CONVERSION = YES;
				CLANG_WARN_COMMA = YES;
				CLANG_WARN_CONSTANT_CONVERSION = YES;
				CLANG_WARN_DIRECT_OBJC_ISA_USAGE = YES_ERROR;
				CLANG_WARN_DOCUMENTATION_COMMENTS = YES;
				CLANG_WARN_EMPTY_BODY = YES;
				CLANG_WARN_ENUM_CONVERSION = YES;
				CLANG_WARN_INFINITE_RECURSION = YES;
				CLANG_WARN_INT_CONVERSION = YES;
				CLANG_WARN_NON_LITERAL_NULL_CONVERSION = YES;
				CLANG_WARN_OBJC_LITERAL_CONVERSION = YES;
				CLANG_WARN_OBJC_ROOT_CLASS = YES_ERROR;
				CLANG_WARN_RANGE_LOOP_ANALYSIS = YES;
				CLANG_WARN_STRICT_PROTOTYPES = YES;
				CLANG_WARN_SUSPICIOUS_MOVE = YES;
				CLANG_WARN_UNGUARDED_AVAILABILITY = YES_AGGRESSIVE;
				CLANG_WARN_UNREACHABLE_CODE = YES;
				CLANG_WARN__DUPLICATE_METHOD_MATCH = YES;
				CODE_SIGN_IDENTITY = "iPhone Developer";
				COPY_PHASE_STRIP = NO;
				DEBUG_INFORMATION_FORMAT = dwarf;
				ENABLE_STRICT_OBJC_MSGSEND = YES;
				ENABLE_TESTABILITY = YES;
				GCC_C_LANGUAGE_STANDARD = gnu11;
				GCC_DYNAMIC_NO_PIC = NO;
				GCC_NO_COMMON_BLOCKS = YES;
				GCC_OPTIMIZATION_LEVEL = 0;
				GCC_PREPROCESSOR_DEFINITIONS = (
					"DEBUG=1",
					"$(inherited)",
				);
				GCC_WARN_64_TO_32_BIT_CONVERSION = YES;
				GCC_WARN_ABOUT_RETURN_TYPE = YES_ERROR;
				GCC_WARN_UNDECLARED_SELECTOR = YES;
				GCC_WARN_UNINITIALIZED_AUTOS = YES_AGGRESSIVE;
				GCC_WARN_UNUSED_FUNCTION = YES;
				GCC_WARN_UNUSED_VARIABLE = YES;
				IPHONEOS_DEPLOYMENT_TARGET = 11.2;
				MTL_ENABLE_DEBUG_INFO = YES;
				ONLY_ACTIVE_ARCH = YES;
				SDKROOT = iphoneos;
				SWIFT_ACTIVE_COMPILATION_CONDITIONS = DEBUG;
				SWIFT_OPTIMIZATION_LEVEL = "-Onone";
			};
			name = Debug;
		};
		F90D104C1FECDFB90012283B /* Release */ = {
			isa = XCBuildConfiguration;
			buildSettings = {
				ALWAYS_SEARCH_USER_PATHS = NO;
				CLANG_ANALYZER_NONNULL = YES;
				CLANG_ANALYZER_NUMBER_OBJECT_CONVERSION = YES_AGGRESSIVE;
				CLANG_CXX_LANGUAGE_STANDARD = "gnu++14";
				CLANG_CXX_LIBRARY = "libc++";
				CLANG_ENABLE_MODULES = YES;
				CLANG_ENABLE_OBJC_ARC = YES;
				CLANG_WARN_BLOCK_CAPTURE_AUTORELEASING = YES;
				CLANG_WARN_BOOL_CONVERSION = YES;
				CLANG_WARN_COMMA = YES;
				CLANG_WARN_CONSTANT_CONVERSION = YES;
				CLANG_WARN_DIRECT_OBJC_ISA_USAGE = YES_ERROR;
				CLANG_WARN_DOCUMENTATION_COMMENTS = YES;
				CLANG_WARN_EMPTY_BODY = YES;
				CLANG_WARN_ENUM_CONVERSION = YES;
				CLANG_WARN_INFINITE_RECURSION = YES;
				CLANG_WARN_INT_CONVERSION = YES;
				CLANG_WARN_NON_LITERAL_NULL_CONVERSION = YES;
				CLANG_WARN_OBJC_LITERAL_CONVERSION = YES;
				CLANG_WARN_OBJC_ROOT_CLASS = YES_ERROR;
				CLANG_WARN_RANGE_LOOP_ANALYSIS = YES;
				CLANG_WARN_STRICT_PROTOTYPES = YES;
				CLANG_WARN_SUSPICIOUS_MOVE = YES;
				CLANG_WARN_UNGUARDED_AVAILABILITY = YES_AGGRESSIVE;
				CLANG_WARN_UNREACHABLE_CODE = YES;
				CLANG_WARN__DUPLICATE_METHOD_MATCH = YES;
				CODE_SIGN_IDENTITY = "iPhone Developer";
				COPY_PHASE_STRIP = NO;
				DEBUG_INFORMATION_FORMAT = "dwarf-with-dsym";
				ENABLE_NS_ASSERTIONS = NO;
				ENABLE_STRICT_OBJC_MSGSEND = YES;
				GCC_C_LANGUAGE_STANDARD = gnu11;
				GCC_NO_COMMON_BLOCKS = YES;
				GCC_WARN_64_TO_32_BIT_CONVERSION = YES;
				GCC_WARN_ABOUT_RETURN_TYPE = YES_ERROR;
				GCC_WARN_UNDECLARED_SELECTOR = YES;
				GCC_WARN_UNINITIALIZED_AUTOS = YES_AGGRESSIVE;
				GCC_WARN_UNUSED_FUNCTION = YES;
				GCC_WARN_UNUSED_VARIABLE = YES;
				IPHONEOS_DEPLOYMENT_TARGET = 11.2;
				MTL_ENABLE_DEBUG_INFO = NO;
				SDKROOT = iphoneos;
				SWIFT_OPTIMIZATION_LEVEL = "-Owholemodule";
				VALIDATE_PRODUCT = YES;
			};
			name = Release;
		};
		F90D104E1FECDFB90012283B /* Debug */ = {
			isa = XCBuildConfiguration;
			baseConfigurationReference = 376C428D7919B795340245AF /* Pods-Helloquent.debug.xcconfig */;
			buildSettings = {
				ASSETCATALOG_COMPILER_APPICON_NAME = AppIcon;
				CLANG_ENABLE_MODULES = YES;
				"CODE_SIGN_IDENTITY[sdk=iphoneos*]" = "iPhone Developer";
				CODE_SIGN_STYLE = Automatic;
				DEVELOPMENT_TEAM = 4G2FEEY64T;
				FRAMEWORK_SEARCH_PATHS = (
					"$(inherited)",
					"$(PROJECT_DIR)",
					"\"$(SRCROOT)/../../FacebookSDKs-iOS-4.29.0\"",
				);
				INFOPLIST_FILE = Helloquent/Info.plist;
				IPHONEOS_DEPLOYMENT_TARGET = 10;
				LD_RUNPATH_SEARCH_PATHS = "$(inherited) @executable_path/Frameworks";
				PRODUCT_BUNDLE_IDENTIFIER = com.morgantrudeau.Helloquent;
				PRODUCT_NAME = "$(TARGET_NAME)";
				PROVISIONING_PROFILE_SPECIFIER = "";
				SWIFT_INSTALL_OBJC_HEADER = NO;
				SWIFT_OPTIMIZATION_LEVEL = "-Onone";
				SWIFT_PRECOMPILE_BRIDGING_HEADER = NO;
				SWIFT_VERSION = 4.0;
				TARGETED_DEVICE_FAMILY = "1,2";
			};
			name = Debug;
		};
		F90D104F1FECDFB90012283B /* Release */ = {
			isa = XCBuildConfiguration;
			baseConfigurationReference = 46D7036EECB8E487EA1CDEC8 /* Pods-Helloquent.release.xcconfig */;
			buildSettings = {
				ASSETCATALOG_COMPILER_APPICON_NAME = AppIcon;
				CLANG_ENABLE_MODULES = YES;
				"CODE_SIGN_IDENTITY[sdk=iphoneos*]" = "iPhone Developer";
				CODE_SIGN_STYLE = Automatic;
				DEVELOPMENT_TEAM = 4G2FEEY64T;
				FRAMEWORK_SEARCH_PATHS = (
					"$(inherited)",
					"$(PROJECT_DIR)",
					"\"$(SRCROOT)/../../FacebookSDKs-iOS-4.29.0\"",
				);
				INFOPLIST_FILE = Helloquent/Info.plist;
				IPHONEOS_DEPLOYMENT_TARGET = 10;
				LD_RUNPATH_SEARCH_PATHS = "$(inherited) @executable_path/Frameworks";
				PRODUCT_BUNDLE_IDENTIFIER = com.morgantrudeau.Helloquent;
				PRODUCT_NAME = "$(TARGET_NAME)";
				PROVISIONING_PROFILE_SPECIFIER = "";
				SWIFT_INSTALL_OBJC_HEADER = NO;
				SWIFT_PRECOMPILE_BRIDGING_HEADER = NO;
				SWIFT_VERSION = 4.0;
				TARGETED_DEVICE_FAMILY = "1,2";
			};
			name = Release;
		};
		F90D10511FECDFB90012283B /* Debug */ = {
			isa = XCBuildConfiguration;
			baseConfigurationReference = 7B0D3E3FCF152FF03386900A /* Pods-HelloquentTests.debug.xcconfig */;
			buildSettings = {
				ALWAYS_EMBED_SWIFT_STANDARD_LIBRARIES = YES;
				BUNDLE_LOADER = "$(TEST_HOST)";
				CODE_SIGN_STYLE = Automatic;
				DEVELOPMENT_TEAM = 4G2FEEY64T;
				INFOPLIST_FILE = HelloquentTests/Info.plist;
				LD_RUNPATH_SEARCH_PATHS = "$(inherited) @executable_path/Frameworks @loader_path/Frameworks";
				PRODUCT_BUNDLE_IDENTIFIER = com.morgantrudeau.HelloquentTests;
				PRODUCT_NAME = "$(TARGET_NAME)";
				SWIFT_VERSION = 4.0;
				TARGETED_DEVICE_FAMILY = "1,2";
				TEST_HOST = "$(BUILT_PRODUCTS_DIR)/Helloquent.app/Helloquent";
			};
			name = Debug;
		};
		F90D10521FECDFB90012283B /* Release */ = {
			isa = XCBuildConfiguration;
			baseConfigurationReference = A785CB56C738B406C7409C1C /* Pods-HelloquentTests.release.xcconfig */;
			buildSettings = {
				ALWAYS_EMBED_SWIFT_STANDARD_LIBRARIES = YES;
				BUNDLE_LOADER = "$(TEST_HOST)";
				CODE_SIGN_STYLE = Automatic;
				DEVELOPMENT_TEAM = 4G2FEEY64T;
				INFOPLIST_FILE = HelloquentTests/Info.plist;
				LD_RUNPATH_SEARCH_PATHS = "$(inherited) @executable_path/Frameworks @loader_path/Frameworks";
				PRODUCT_BUNDLE_IDENTIFIER = com.morgantrudeau.HelloquentTests;
				PRODUCT_NAME = "$(TARGET_NAME)";
				SWIFT_VERSION = 4.0;
				TARGETED_DEVICE_FAMILY = "1,2";
				TEST_HOST = "$(BUILT_PRODUCTS_DIR)/Helloquent.app/Helloquent";
			};
			name = Release;
		};
		F90D10541FECDFB90012283B /* Debug */ = {
			isa = XCBuildConfiguration;
			baseConfigurationReference = B61C84F6EE2F8B946612DE92 /* Pods-HelloquentUITests.debug.xcconfig */;
			buildSettings = {
				ALWAYS_EMBED_SWIFT_STANDARD_LIBRARIES = YES;
				CODE_SIGN_STYLE = Automatic;
				DEVELOPMENT_TEAM = 4G2FEEY64T;
				INFOPLIST_FILE = HelloquentUITests/Info.plist;
				LD_RUNPATH_SEARCH_PATHS = "$(inherited) @executable_path/Frameworks @loader_path/Frameworks";
				PRODUCT_BUNDLE_IDENTIFIER = com.morgantrudeau.HelloquentUITests;
				PRODUCT_NAME = "$(TARGET_NAME)";
				SWIFT_VERSION = 4.0;
				TARGETED_DEVICE_FAMILY = "1,2";
				TEST_TARGET_NAME = Helloquent;
			};
			name = Debug;
		};
		F90D10551FECDFB90012283B /* Release */ = {
			isa = XCBuildConfiguration;
			baseConfigurationReference = C447E1574BB164EAE91B1231 /* Pods-HelloquentUITests.release.xcconfig */;
			buildSettings = {
				ALWAYS_EMBED_SWIFT_STANDARD_LIBRARIES = YES;
				CODE_SIGN_STYLE = Automatic;
				DEVELOPMENT_TEAM = 4G2FEEY64T;
				INFOPLIST_FILE = HelloquentUITests/Info.plist;
				LD_RUNPATH_SEARCH_PATHS = "$(inherited) @executable_path/Frameworks @loader_path/Frameworks";
				PRODUCT_BUNDLE_IDENTIFIER = com.morgantrudeau.HelloquentUITests;
				PRODUCT_NAME = "$(TARGET_NAME)";
				SWIFT_VERSION = 4.0;
				TARGETED_DEVICE_FAMILY = "1,2";
				TEST_TARGET_NAME = Helloquent;
			};
			name = Release;
		};
/* End XCBuildConfiguration section */

/* Begin XCConfigurationList section */
		F90D10201FECDFB90012283B /* Build configuration list for PBXProject "Helloquent" */ = {
			isa = XCConfigurationList;
			buildConfigurations = (
				F90D104B1FECDFB90012283B /* Debug */,
				F90D104C1FECDFB90012283B /* Release */,
			);
			defaultConfigurationIsVisible = 0;
			defaultConfigurationName = Release;
		};
		F90D104D1FECDFB90012283B /* Build configuration list for PBXNativeTarget "Helloquent" */ = {
			isa = XCConfigurationList;
			buildConfigurations = (
				F90D104E1FECDFB90012283B /* Debug */,
				F90D104F1FECDFB90012283B /* Release */,
			);
			defaultConfigurationIsVisible = 0;
			defaultConfigurationName = Release;
		};
		F90D10501FECDFB90012283B /* Build configuration list for PBXNativeTarget "HelloquentTests" */ = {
			isa = XCConfigurationList;
			buildConfigurations = (
				F90D10511FECDFB90012283B /* Debug */,
				F90D10521FECDFB90012283B /* Release */,
			);
			defaultConfigurationIsVisible = 0;
			defaultConfigurationName = Release;
		};
		F90D10531FECDFB90012283B /* Build configuration list for PBXNativeTarget "HelloquentUITests" */ = {
			isa = XCConfigurationList;
			buildConfigurations = (
				F90D10541FECDFB90012283B /* Debug */,
				F90D10551FECDFB90012283B /* Release */,
			);
			defaultConfigurationIsVisible = 0;
			defaultConfigurationName = Release;
		};
/* End XCConfigurationList section */

/* Begin XCVersionGroup section */
		F9C747D520108FBA00F311D8 /* SavedRooms.xcdatamodeld */ = {
			isa = XCVersionGroup;
			children = (
				F9C747D620108FBA00F311D8 /* SavedRooms.xcdatamodel */,
			);
			currentVersion = F9C747D620108FBA00F311D8 /* SavedRooms.xcdatamodel */;
			path = SavedRooms.xcdatamodeld;
			sourceTree = "<group>";
			versionGroupType = wrapper.xcdatamodel;
		};
/* End XCVersionGroup section */
	};
	rootObject = F90D101D1FECDFB90012283B /* Project object */;
}
